// !$*UTF8*$!
{
	archiveVersion = 1;
	classes = {
	};
	objectVersion = 56;
	objects = {

/* Begin PBXBuildFile section */
		DAA3D66629AD4EEC0014549F /* AppDelegate.swift in Sources */ = {isa = PBXBuildFile; fileRef = DAA3D66529AD4EEC0014549F /* AppDelegate.swift */; };
		DAA3D66829AD4EEC0014549F /* ViewController.swift in Sources */ = {isa = PBXBuildFile; fileRef = DAA3D66729AD4EEC0014549F /* ViewController.swift */; };
		DAA3D66A29AD4EED0014549F /* Assets.xcassets in Resources */ = {isa = PBXBuildFile; fileRef = DAA3D66929AD4EED0014549F /* Assets.xcassets */; };
		DAA3D66D29AD4EED0014549F /* Main.storyboard in Resources */ = {isa = PBXBuildFile; fileRef = DAA3D66B29AD4EED0014549F /* Main.storyboard */; };
		DAA3D67829AD4EED0014549F /* TesselationTests.swift in Sources */ = {isa = PBXBuildFile; fileRef = DAA3D67729AD4EED0014549F /* TesselationTests.swift */; };
		DAA3D68229AD4EED0014549F /* TesselationUITests.swift in Sources */ = {isa = PBXBuildFile; fileRef = DAA3D68129AD4EED0014549F /* TesselationUITests.swift */; };
		DAA3D68429AD4EED0014549F /* TesselationUITestsLaunchTests.swift in Sources */ = {isa = PBXBuildFile; fileRef = DAA3D68329AD4EED0014549F /* TesselationUITestsLaunchTests.swift */; };
		DAA3D69729AD4FCC0014549F /* Renderer.swift in Sources */ = {isa = PBXBuildFile; fileRef = DAA3D69629AD4FCC0014549F /* Renderer.swift */; };
		DAA3D69929AD505B0014549F /* shaders.metal in Sources */ = {isa = PBXBuildFile; fileRef = DAA3D69829AD505B0014549F /* shaders.metal */; };
		DAA3D69B29AD508B0014549F /* compute.swift in Sources */ = {isa = PBXBuildFile; fileRef = DAA3D69A29AD508B0014549F /* compute.swift */; };
		DAA3D69D29AD50A30014549F /* keyCode.swift in Sources */ = {isa = PBXBuildFile; fileRef = DAA3D69C29AD50A30014549F /* keyCode.swift */; };
/* End PBXBuildFile section */

/* Begin PBXContainerItemProxy section */
		DAA3D67429AD4EED0014549F /* PBXContainerItemProxy */ = {
			isa = PBXContainerItemProxy;
			containerPortal = DAA3D65A29AD4EEC0014549F /* Project object */;
			proxyType = 1;
			remoteGlobalIDString = DAA3D66129AD4EEC0014549F;
			remoteInfo = Tesselation;
		};
		DAA3D67E29AD4EED0014549F /* PBXContainerItemProxy */ = {
			isa = PBXContainerItemProxy;
			containerPortal = DAA3D65A29AD4EEC0014549F /* Project object */;
			proxyType = 1;
			remoteGlobalIDString = DAA3D66129AD4EEC0014549F;
			remoteInfo = Tesselation;
		};
/* End PBXContainerItemProxy section */

/* Begin PBXFileReference section */
		DAA3D66229AD4EEC0014549F /* Tesselation.app */ = {isa = PBXFileReference; explicitFileType = wrapper.application; includeInIndex = 0; path = Tesselation.app; sourceTree = BUILT_PRODUCTS_DIR; };
		DAA3D66529AD4EEC0014549F /* AppDelegate.swift */ = {isa = PBXFileReference; lastKnownFileType = sourcecode.swift; path = AppDelegate.swift; sourceTree = "<group>"; };
		DAA3D66729AD4EEC0014549F /* ViewController.swift */ = {isa = PBXFileReference; lastKnownFileType = sourcecode.swift; path = ViewController.swift; sourceTree = "<group>"; };
		DAA3D66929AD4EED0014549F /* Assets.xcassets */ = {isa = PBXFileReference; lastKnownFileType = folder.assetcatalog; path = Assets.xcassets; sourceTree = "<group>"; };
		DAA3D66C29AD4EED0014549F /* Base */ = {isa = PBXFileReference; lastKnownFileType = file.storyboard; name = Base; path = Base.lproj/Main.storyboard; sourceTree = "<group>"; };
		DAA3D66E29AD4EED0014549F /* Tesselation.entitlements */ = {isa = PBXFileReference; lastKnownFileType = text.plist.entitlements; path = Tesselation.entitlements; sourceTree = "<group>"; };
		DAA3D67329AD4EED0014549F /* TesselationTests.xctest */ = {isa = PBXFileReference; explicitFileType = wrapper.cfbundle; includeInIndex = 0; path = TesselationTests.xctest; sourceTree = BUILT_PRODUCTS_DIR; };
		DAA3D67729AD4EED0014549F /* TesselationTests.swift */ = {isa = PBXFileReference; lastKnownFileType = sourcecode.swift; path = TesselationTests.swift; sourceTree = "<group>"; };
		DAA3D67D29AD4EED0014549F /* TesselationUITests.xctest */ = {isa = PBXFileReference; explicitFileType = wrapper.cfbundle; includeInIndex = 0; path = TesselationUITests.xctest; sourceTree = BUILT_PRODUCTS_DIR; };
		DAA3D68129AD4EED0014549F /* TesselationUITests.swift */ = {isa = PBXFileReference; lastKnownFileType = sourcecode.swift; path = TesselationUITests.swift; sourceTree = "<group>"; };
		DAA3D68329AD4EED0014549F /* TesselationUITestsLaunchTests.swift */ = {isa = PBXFileReference; lastKnownFileType = sourcecode.swift; path = TesselationUITestsLaunchTests.swift; sourceTree = "<group>"; };
		DAA3D69629AD4FCC0014549F /* Renderer.swift */ = {isa = PBXFileReference; lastKnownFileType = sourcecode.swift; name = Renderer.swift; path = ../Renderer.swift; sourceTree = "<group>"; };
		DAA3D69829AD505B0014549F /* shaders.metal */ = {isa = PBXFileReference; lastKnownFileType = sourcecode.metal; name = shaders.metal; path = ../shaders.metal; sourceTree = "<group>"; };
		DAA3D69A29AD508B0014549F /* compute.swift */ = {isa = PBXFileReference; lastKnownFileType = sourcecode.swift; name = compute.swift; path = ../compute.swift; sourceTree = "<group>"; };
		DAA3D69C29AD50A30014549F /* keyCode.swift */ = {isa = PBXFileReference; lastKnownFileType = sourcecode.swift; name = keyCode.swift; path = ../keyCode.swift; sourceTree = "<group>"; };
/* End PBXFileReference section */

/* Begin PBXFrameworksBuildPhase section */
		DAA3D65F29AD4EEC0014549F /* Frameworks */ = {
			isa = PBXFrameworksBuildPhase;
			buildActionMask = 2147483647;
			files = (
			);
			runOnlyForDeploymentPostprocessing = 0;
		};
		DAA3D67029AD4EED0014549F /* Frameworks */ = {
			isa = PBXFrameworksBuildPhase;
			buildActionMask = 2147483647;
			files = (
			);
			runOnlyForDeploymentPostprocessing = 0;
		};
		DAA3D67A29AD4EED0014549F /* Frameworks */ = {
			isa = PBXFrameworksBuildPhase;
			buildActionMask = 2147483647;
			files = (
			);
			runOnlyForDeploymentPostprocessing = 0;
		};
/* End PBXFrameworksBuildPhase section */

/* Begin PBXGroup section */
		DAA3D65929AD4EEC0014549F = {
			isa = PBXGroup;
			children = (
				DAA3D66429AD4EEC0014549F /* Tesselation */,
				DAA3D67629AD4EED0014549F /* TesselationTests */,
				DAA3D68029AD4EED0014549F /* TesselationUITests */,
				DAA3D66329AD4EEC0014549F /* Products */,
			);
			sourceTree = "<group>";
		};
		DAA3D66329AD4EEC0014549F /* Products */ = {
			isa = PBXGroup;
			children = (
				DAA3D66229AD4EEC0014549F /* Tesselation.app */,
				DAA3D67329AD4EED0014549F /* TesselationTests.xctest */,
				DAA3D67D29AD4EED0014549F /* TesselationUITests.xctest */,
			);
			name = Products;
			sourceTree = "<group>";
		};
		DAA3D66429AD4EEC0014549F /* Tesselation */ = {
			isa = PBXGroup;
			children = (
				DAA3D69829AD505B0014549F /* shaders.metal */,
				DAA3D69C29AD50A30014549F /* keyCode.swift */,
				DAA3D69A29AD508B0014549F /* compute.swift */,
				DAA3D69629AD4FCC0014549F /* Renderer.swift */,
				DAA3D66529AD4EEC0014549F /* AppDelegate.swift */,
				DAA3D66729AD4EEC0014549F /* ViewController.swift */,
				DAA3D66929AD4EED0014549F /* Assets.xcassets */,
				DAA3D66B29AD4EED0014549F /* Main.storyboard */,
				DAA3D66E29AD4EED0014549F /* Tesselation.entitlements */,
			);
			path = Tesselation;
			sourceTree = "<group>";
		};
		DAA3D67629AD4EED0014549F /* TesselationTests */ = {
			isa = PBXGroup;
			children = (
				DAA3D67729AD4EED0014549F /* TesselationTests.swift */,
			);
			path = TesselationTests;
			sourceTree = "<group>";
		};
		DAA3D68029AD4EED0014549F /* TesselationUITests */ = {
			isa = PBXGroup;
			children = (
				DAA3D68129AD4EED0014549F /* TesselationUITests.swift */,
				DAA3D68329AD4EED0014549F /* TesselationUITestsLaunchTests.swift */,
			);
			path = TesselationUITests;
			sourceTree = "<group>";
		};
/* End PBXGroup section */

/* Begin PBXNativeTarget section */
		DAA3D66129AD4EEC0014549F /* Tesselation */ = {
			isa = PBXNativeTarget;
			buildConfigurationList = DAA3D68729AD4EED0014549F /* Build configuration list for PBXNativeTarget "Tesselation" */;
			buildPhases = (
				DAA3D65E29AD4EEC0014549F /* Sources */,
				DAA3D65F29AD4EEC0014549F /* Frameworks */,
				DAA3D66029AD4EEC0014549F /* Resources */,
			);
			buildRules = (
			);
			dependencies = (
			);
			name = Tesselation;
			productName = Tesselation;
			productReference = DAA3D66229AD4EEC0014549F /* Tesselation.app */;
			productType = "com.apple.product-type.application";
		};
		DAA3D67229AD4EED0014549F /* TesselationTests */ = {
			isa = PBXNativeTarget;
			buildConfigurationList = DAA3D68A29AD4EED0014549F /* Build configuration list for PBXNativeTarget "TesselationTests" */;
			buildPhases = (
				DAA3D66F29AD4EED0014549F /* Sources */,
				DAA3D67029AD4EED0014549F /* Frameworks */,
				DAA3D67129AD4EED0014549F /* Resources */,
			);
			buildRules = (
			);
			dependencies = (
				DAA3D67529AD4EED0014549F /* PBXTargetDependency */,
			);
			name = TesselationTests;
			productName = TesselationTests;
			productReference = DAA3D67329AD4EED0014549F /* TesselationTests.xctest */;
			productType = "com.apple.product-type.bundle.unit-test";
		};
		DAA3D67C29AD4EED0014549F /* TesselationUITests */ = {
			isa = PBXNativeTarget;
			buildConfigurationList = DAA3D68D29AD4EED0014549F /* Build configuration list for PBXNativeTarget "TesselationUITests" */;
			buildPhases = (
				DAA3D67929AD4EED0014549F /* Sources */,
				DAA3D67A29AD4EED0014549F /* Frameworks */,
				DAA3D67B29AD4EED0014549F /* Resources */,
			);
			buildRules = (
			);
			dependencies = (
				DAA3D67F29AD4EED0014549F /* PBXTargetDependency */,
			);
			name = TesselationUITests;
			productName = TesselationUITests;
			productReference = DAA3D67D29AD4EED0014549F /* TesselationUITests.xctest */;
			productType = "com.apple.product-type.bundle.ui-testing";
		};
/* End PBXNativeTarget section */

/* Begin PBXProject section */
		DAA3D65A29AD4EEC0014549F /* Project object */ = {
			isa = PBXProject;
			attributes = {
				BuildIndependentTargetsInParallel = 1;
				LastSwiftUpdateCheck = 1420;
				LastUpgradeCheck = 1420;
				TargetAttributes = {
					DAA3D66129AD4EEC0014549F = {
						CreatedOnToolsVersion = 14.2;
					};
					DAA3D67229AD4EED0014549F = {
						CreatedOnToolsVersion = 14.2;
						TestTargetID = DAA3D66129AD4EEC0014549F;
					};
					DAA3D67C29AD4EED0014549F = {
						CreatedOnToolsVersion = 14.2;
						TestTargetID = DAA3D66129AD4EEC0014549F;
					};
				};
			};
			buildConfigurationList = DAA3D65D29AD4EEC0014549F /* Build configuration list for PBXProject "Tesselation" */;
			compatibilityVersion = "Xcode 14.0";
			developmentRegion = en;
			hasScannedForEncodings = 0;
			knownRegions = (
				en,
				Base,
			);
			mainGroup = DAA3D65929AD4EEC0014549F;
			productRefGroup = DAA3D66329AD4EEC0014549F /* Products */;
			projectDirPath = "";
			projectRoot = "";
			targets = (
				DAA3D66129AD4EEC0014549F /* Tesselation */,
				DAA3D67229AD4EED0014549F /* TesselationTests */,
				DAA3D67C29AD4EED0014549F /* TesselationUITests */,
			);
		};
/* End PBXProject section */

/* Begin PBXResourcesBuildPhase section */
		DAA3D66029AD4EEC0014549F /* Resources */ = {
			isa = PBXResourcesBuildPhase;
			buildActionMask = 2147483647;
			files = (
				DAA3D66A29AD4EED0014549F /* Assets.xcassets in Resources */,
				DAA3D66D29AD4EED0014549F /* Main.storyboard in Resources */,
			);
			runOnlyForDeploymentPostprocessing = 0;
		};
		DAA3D67129AD4EED0014549F /* Resources */ = {
			isa = PBXResourcesBuildPhase;
			buildActionMask = 2147483647;
			files = (
			);
			runOnlyForDeploymentPostprocessing = 0;
		};
		DAA3D67B29AD4EED0014549F /* Resources */ = {
			isa = PBXResourcesBuildPhase;
			buildActionMask = 2147483647;
			files = (
			);
			runOnlyForDeploymentPostprocessing = 0;
		};
/* End PBXResourcesBuildPhase section */

/* Begin PBXSourcesBuildPhase section */
		DAA3D65E29AD4EEC0014549F /* Sources */ = {
			isa = PBXSourcesBuildPhase;
			buildActionMask = 2147483647;
			files = (
				DAA3D69B29AD508B0014549F /* compute.swift in Sources */,
				DAA3D69929AD505B0014549F /* shaders.metal in Sources */,
				DAA3D69D29AD50A30014549F /* keyCode.swift in Sources */,
				DAA3D66829AD4EEC0014549F /* ViewController.swift in Sources */,
				DAA3D69729AD4FCC0014549F /* Renderer.swift in Sources */,
				DAA3D66629AD4EEC0014549F /* AppDelegate.swift in Sources */,
			);
			runOnlyForDeploymentPostprocessing = 0;
		};
		DAA3D66F29AD4EED0014549F /* Sources */ = {
			isa = PBXSourcesBuildPhase;
			buildActionMask = 2147483647;
			files = (
				DAA3D67829AD4EED0014549F /* TesselationTests.swift in Sources */,
			);
			runOnlyForDeploymentPostprocessing = 0;
		};
		DAA3D67929AD4EED0014549F /* Sources */ = {
			isa = PBXSourcesBuildPhase;
			buildActionMask = 2147483647;
			files = (
				DAA3D68429AD4EED0014549F /* TesselationUITestsLaunchTests.swift in Sources */,
				DAA3D68229AD4EED0014549F /* TesselationUITests.swift in Sources */,
			);
			runOnlyForDeploymentPostprocessing = 0;
		};
/* End PBXSourcesBuildPhase section */

/* Begin PBXTargetDependency section */
		DAA3D67529AD4EED0014549F /* PBXTargetDependency */ = {
			isa = PBXTargetDependency;
			target = DAA3D66129AD4EEC0014549F /* Tesselation */;
			targetProxy = DAA3D67429AD4EED0014549F /* PBXContainerItemProxy */;
		};
		DAA3D67F29AD4EED0014549F /* PBXTargetDependency */ = {
			isa = PBXTargetDependency;
			target = DAA3D66129AD4EEC0014549F /* Tesselation */;
			targetProxy = DAA3D67E29AD4EED0014549F /* PBXContainerItemProxy */;
		};
/* End PBXTargetDependency section */

/* Begin PBXVariantGroup section */
		DAA3D66B29AD4EED0014549F /* Main.storyboard */ = {
			isa = PBXVariantGroup;
			children = (
				DAA3D66C29AD4EED0014549F /* Base */,
			);
			name = Main.storyboard;
			sourceTree = "<group>";
		};
/* End PBXVariantGroup section */

/* Begin XCBuildConfiguration section */
		DAA3D68529AD4EED0014549F /* Debug */ = {
			isa = XCBuildConfiguration;
			buildSettings = {
				ALWAYS_SEARCH_USER_PATHS = NO;
				CLANG_ANALYZER_NONNULL = YES;
				CLANG_ANALYZER_NUMBER_OBJECT_CONVERSION = YES_AGGRESSIVE;
				CLANG_CXX_LANGUAGE_STANDARD = "gnu++20";
				CLANG_ENABLE_MODULES = YES;
				CLANG_ENABLE_OBJC_ARC = YES;
				CLANG_ENABLE_OBJC_WEAK = YES;
				CLANG_WARN_BLOCK_CAPTURE_AUTORELEASING = YES;
				CLANG_WARN_BOOL_CONVERSION = YES;
				CLANG_WARN_COMMA = YES;
				CLANG_WARN_CONSTANT_CONVERSION = YES;
				CLANG_WARN_DEPRECATED_OBJC_IMPLEMENTATIONS = YES;
				CLANG_WARN_DIRECT_OBJC_ISA_USAGE = YES_ERROR;
				CLANG_WARN_DOCUMENTATION_COMMENTS = YES;
				CLANG_WARN_EMPTY_BODY = YES;
				CLANG_WARN_ENUM_CONVERSION = YES;
				CLANG_WARN_INFINITE_RECURSION = YES;
				CLANG_WARN_INT_CONVERSION = YES;
				CLANG_WARN_NON_LITERAL_NULL_CONVERSION = YES;
				CLANG_WARN_OBJC_IMPLICIT_RETAIN_SELF = YES;
				CLANG_WARN_OBJC_LITERAL_CONVERSION = YES;
				CLANG_WARN_OBJC_ROOT_CLASS = YES_ERROR;
				CLANG_WARN_QUOTED_INCLUDE_IN_FRAMEWORK_HEADER = YES;
				CLANG_WARN_RANGE_LOOP_ANALYSIS = YES;
				CLANG_WARN_STRICT_PROTOTYPES = YES;
				CLANG_WARN_SUSPICIOUS_MOVE = YES;
				CLANG_WARN_UNGUARDED_AVAILABILITY = YES_AGGRESSIVE;
				CLANG_WARN_UNREACHABLE_CODE = YES;
				CLANG_WARN__DUPLICATE_METHOD_MATCH = YES;
				COPY_PHASE_STRIP = NO;
				DEBUG_INFORMATION_FORMAT = dwarf;
				ENABLE_STRICT_OBJC_MSGSEND = YES;
				ENABLE_TESTABILITY = YES;
				GCC_C_LANGUAGE_STANDARD = gnu11;
				GCC_DYNAMIC_NO_PIC = NO;
				GCC_NO_COMMON_BLOCKS = YES;
				GCC_OPTIMIZATION_LEVEL = 0;
				GCC_PREPROCESSOR_DEFINITIONS = (
					"DEBUG=1",
					"$(inherited)",
				);
				GCC_WARN_64_TO_32_BIT_CONVERSION = YES;
				GCC_WARN_ABOUT_RETURN_TYPE = YES_ERROR;
				GCC_WARN_UNDECLARED_SELECTOR = YES;
				GCC_WARN_UNINITIALIZED_AUTOS = YES_AGGRESSIVE;
				GCC_WARN_UNUSED_FUNCTION = YES;
				GCC_WARN_UNUSED_VARIABLE = YES;
				MACOSX_DEPLOYMENT_TARGET = 13.1;
				MTL_ENABLE_DEBUG_INFO = INCLUDE_SOURCE;
				MTL_FAST_MATH = YES;
				ONLY_ACTIVE_ARCH = YES;
				SDKROOT = macosx;
				SWIFT_ACTIVE_COMPILATION_CONDITIONS = DEBUG;
				SWIFT_OPTIMIZATION_LEVEL = "-Onone";
			};
			name = Debug;
		};
		DAA3D68629AD4EED0014549F /* Release */ = {
			isa = XCBuildConfiguration;
			buildSettings = {
				ALWAYS_SEARCH_USER_PATHS = NO;
				CLANG_ANALYZER_NONNULL = YES;
				CLANG_ANALYZER_NUMBER_OBJECT_CONVERSION = YES_AGGRESSIVE;
				CLANG_CXX_LANGUAGE_STANDARD = "gnu++20";
				CLANG_ENABLE_MODULES = YES;
				CLANG_ENABLE_OBJC_ARC = YES;
				CLANG_ENABLE_OBJC_WEAK = YES;
				CLANG_WARN_BLOCK_CAPTURE_AUTORELEASING = YES;
				CLANG_WARN_BOOL_CONVERSION = YES;
				CLANG_WARN_COMMA = YES;
				CLANG_WARN_CONSTANT_CONVERSION = YES;
				CLANG_WARN_DEPRECATED_OBJC_IMPLEMENTATIONS = YES;
				CLANG_WARN_DIRECT_OBJC_ISA_USAGE = YES_ERROR;
				CLANG_WARN_DOCUMENTATION_COMMENTS = YES;
				CLANG_WARN_EMPTY_BODY = YES;
				CLANG_WARN_ENUM_CONVERSION = YES;
				CLANG_WARN_INFINITE_RECURSION = YES;
				CLANG_WARN_INT_CONVERSION = YES;
				CLANG_WARN_NON_LITERAL_NULL_CONVERSION = YES;
				CLANG_WARN_OBJC_IMPLICIT_RETAIN_SELF = YES;
				CLANG_WARN_OBJC_LITERAL_CONVERSION = YES;
				CLANG_WARN_OBJC_ROOT_CLASS = YES_ERROR;
				CLANG_WARN_QUOTED_INCLUDE_IN_FRAMEWORK_HEADER = YES;
				CLANG_WARN_RANGE_LOOP_ANALYSIS = YES;
				CLANG_WARN_STRICT_PROTOTYPES = YES;
				CLANG_WARN_SUSPICIOUS_MOVE = YES;
				CLANG_WARN_UNGUARDED_AVAILABILITY = YES_AGGRESSIVE;
				CLANG_WARN_UNREACHABLE_CODE = YES;
				CLANG_WARN__DUPLICATE_METHOD_MATCH = YES;
				COPY_PHASE_STRIP = NO;
				DEBUG_INFORMATION_FORMAT = "dwarf-with-dsym";
				ENABLE_NS_ASSERTIONS = NO;
				ENABLE_STRICT_OBJC_MSGSEND = YES;
				GCC_C_LANGUAGE_STANDARD = gnu11;
				GCC_NO_COMMON_BLOCKS = YES;
				GCC_WARN_64_TO_32_BIT_CONVERSION = YES;
				GCC_WARN_ABOUT_RETURN_TYPE = YES_ERROR;
				GCC_WARN_UNDECLARED_SELECTOR = YES;
				GCC_WARN_UNINITIALIZED_AUTOS = YES_AGGRESSIVE;
				GCC_WARN_UNUSED_FUNCTION = YES;
				GCC_WARN_UNUSED_VARIABLE = YES;
				MACOSX_DEPLOYMENT_TARGET = 13.1;
				MTL_ENABLE_DEBUG_INFO = NO;
				MTL_FAST_MATH = YES;
				SDKROOT = macosx;
				SWIFT_COMPILATION_MODE = wholemodule;
				SWIFT_OPTIMIZATION_LEVEL = "-O";
			};
			name = Release;
		};
		DAA3D68829AD4EED0014549F /* Debug */ = {
			isa = XCBuildConfiguration;
			buildSettings = {
				ASSETCATALOG_COMPILER_APPICON_NAME = AppIcon;
				ASSETCATALOG_COMPILER_GLOBAL_ACCENT_COLOR_NAME = AccentColor;
				CODE_SIGN_ENTITLEMENTS = Tesselation/Tesselation.entitlements;
				CODE_SIGN_STYLE = Automatic;
				COMBINE_HIDPI_IMAGES = YES;
				CURRENT_PROJECT_VERSION = 1;
				DEVELOPMENT_TEAM = GHB984CW8D;
				ENABLE_HARDENED_RUNTIME = YES;
				GENERATE_INFOPLIST_FILE = YES;
				INFOPLIST_KEY_NSHumanReadableCopyright = "";
				INFOPLIST_KEY_NSMainStoryboardFile = Main;
				INFOPLIST_KEY_NSPrincipalClass = NSApplication;
				LD_RUNPATH_SEARCH_PATHS = (
					"$(inherited)",
					"@executable_path/../Frameworks",
				);
				MARKETING_VERSION = 1.0;
				PRODUCT_BUNDLE_IDENTIFIER = Dash.Tesselation;
				PRODUCT_NAME = "$(TARGET_NAME)";
				SWIFT_EMIT_LOC_STRINGS = YES;
				SWIFT_VERSION = 5.0;
			};
			name = Debug;
		};
		DAA3D68929AD4EED0014549F /* Release */ = {
			isa = XCBuildConfiguration;
			buildSettings = {
				ASSETCATALOG_COMPILER_APPICON_NAME = AppIcon;
				ASSETCATALOG_COMPILER_GLOBAL_ACCENT_COLOR_NAME = AccentColor;
				CODE_SIGN_ENTITLEMENTS = Tesselation/Tesselation.entitlements;
				CODE_SIGN_STYLE = Automatic;
				COMBINE_HIDPI_IMAGES = YES;
				CURRENT_PROJECT_VERSION = 1;
				DEVELOPMENT_TEAM = GHB984CW8D;
				ENABLE_HARDENED_RUNTIME = YES;
				GENERATE_INFOPLIST_FILE = YES;
				INFOPLIST_KEY_NSHumanReadableCopyright = "";
				INFOPLIST_KEY_NSMainStoryboardFile = Main;
				INFOPLIST_KEY_NSPrincipalClass = NSApplication;
				LD_RUNPATH_SEARCH_PATHS = (
					"$(inherited)",
					"@executable_path/../Frameworks",
				);
				MARKETING_VERSION = 1.0;
				PRODUCT_BUNDLE_IDENTIFIER = Dash.Tesselation;
				PRODUCT_NAME = "$(TARGET_NAME)";
				SWIFT_EMIT_LOC_STRINGS = YES;
				SWIFT_VERSION = 5.0;
			};
			name = Release;
		};
		DAA3D68B29AD4EED0014549F /* Debug */ = {
			isa = XCBuildConfiguration;
			buildSettings = {
				ALWAYS_EMBED_SWIFT_STANDARD_LIBRARIES = YES;
				BUNDLE_LOADER = "$(TEST_HOST)";
				CODE_SIGN_STYLE = Automatic;
				CURRENT_PROJECT_VERSION = 1;
				DEVELOPMENT_TEAM = GHB984CW8D;
				GENERATE_INFOPLIST_FILE = YES;
				MACOSX_DEPLOYMENT_TARGET = 13.1;
				MARKETING_VERSION = 1.0;
				PRODUCT_BUNDLE_IDENTIFIER = Dash.TesselationTests;
				PRODUCT_NAME = "$(TARGET_NAME)";
				SWIFT_EMIT_LOC_STRINGS = NO;
				SWIFT_VERSION = 5.0;
				TEST_HOST = "$(BUILT_PRODUCTS_DIR)/Tesselation.app/$(BUNDLE_EXECUTABLE_FOLDER_PATH)/Tesselation";
			};
			name = Debug;
		};
		DAA3D68C29AD4EED0014549F /* Release */ = {
			isa = XCBuildConfiguration;
			buildSettings = {
				ALWAYS_EMBED_SWIFT_STANDARD_LIBRARIES = YES;
				BUNDLE_LOADER = "$(TEST_HOST)";
				CODE_SIGN_STYLE = Automatic;
				CURRENT_PROJECT_VERSION = 1;
				DEVELOPMENT_TEAM = GHB984CW8D;
				GENERATE_INFOPLIST_FILE = YES;
				MACOSX_DEPLOYMENT_TARGET = 13.1;
				MARKETING_VERSION = 1.0;
				PRODUCT_BUNDLE_IDENTIFIER = Dash.TesselationTests;
				PRODUCT_NAME = "$(TARGET_NAME)";
				SWIFT_EMIT_LOC_STRINGS = NO;
				SWIFT_VERSION = 5.0;
				TEST_HOST = "$(BUILT_PRODUCTS_DIR)/Tesselation.app/$(BUNDLE_EXECUTABLE_FOLDER_PATH)/Tesselation";
			};
			name = Release;
		};
		DAA3D68E29AD4EED0014549F /* Debug */ = {
			isa = XCBuildConfiguration;
			buildSettings = {
				ALWAYS_EMBED_SWIFT_STANDARD_LIBRARIES = YES;
				CODE_SIGN_STYLE = Automatic;
				CURRENT_PROJECT_VERSION = 1;
				DEVELOPMENT_TEAM = GHB984CW8D;
				GENERATE_INFOPLIST_FILE = YES;
				MARKETING_VERSION = 1.0;
				PRODUCT_BUNDLE_IDENTIFIER = Dash.TesselationUITests;
				PRODUCT_NAME = "$(TARGET_NAME)";
				SWIFT_EMIT_LOC_STRINGS = NO;
				SWIFT_VERSION = 5.0;
				TEST_TARGET_NAME = Tesselation;
			};
			name = Debug;
		};
		DAA3D68F29AD4EED0014549F /* Release */ = {
			isa = XCBuildConfiguration;
			buildSettings = {
				ALWAYS_EMBED_SWIFT_STANDARD_LIBRARIES = YES;
				CODE_SIGN_STYLE = Automatic;
				CURRENT_PROJECT_VERSION = 1;
				DEVELOPMENT_TEAM = GHB984CW8D;
				GENERATE_INFOPLIST_FILE = YES;
				MARKETING_VERSION = 1.0;
				PRODUCT_BUNDLE_IDENTIFIER = Dash.TesselationUITests;
				PRODUCT_NAME = "$(TARGET_NAME)";
				SWIFT_EMIT_LOC_STRINGS = NO;
				SWIFT_VERSION = 5.0;
				TEST_TARGET_NAME = Tesselation;
			};
			name = Release;
		};
/* End XCBuildConfiguration section */

/* Begin XCConfigurationList section */
		DAA3D65D29AD4EEC0014549F /* Build configuration list for PBXProject "Tesselation" */ = {
			isa = XCConfigurationList;
			buildConfigurations = (
				DAA3D68529AD4EED0014549F /* Debug */,
				DAA3D68629AD4EED0014549F /* Release */,
			);
			defaultConfigurationIsVisible = 0;
			defaultConfigurationName = Release;
		};
		DAA3D68729AD4EED0014549F /* Build configuration list for PBXNativeTarget "Tesselation" */ = {
			isa = XCConfigurationList;
			buildConfigurations = (
				DAA3D68829AD4EED0014549F /* Debug */,
				DAA3D68929AD4EED0014549F /* Release */,
			);
			defaultConfigurationIsVisible = 0;
			defaultConfigurationName = Release;
		};
		DAA3D68A29AD4EED0014549F /* Build configuration list for PBXNativeTarget "TesselationTests" */ = {
			isa = XCConfigurationList;
			buildConfigurations = (
				DAA3D68B29AD4EED0014549F /* Debug */,
				DAA3D68C29AD4EED0014549F /* Release */,
			);
			defaultConfigurationIsVisible = 0;
			defaultConfigurationName = Release;
		};
		DAA3D68D29AD4EED0014549F /* Build configuration list for PBXNativeTarget "TesselationUITests" */ = {
			isa = XCConfigurationList;
			buildConfigurations = (
				DAA3D68E29AD4EED0014549F /* Debug */,
				DAA3D68F29AD4EED0014549F /* Release */,
			);
			defaultConfigurationIsVisible = 0;
			defaultConfigurationName = Release;
		};
/* End XCConfigurationList section */
	};
	rootObject = DAA3D65A29AD4EEC0014549F /* Project object */;
}
